// !$*UTF8*$!
{
	archiveVersion = 1;
	classes = {
	};
	objectVersion = 46;
	objects = {

/* Begin PBXBuildFile section */
		182D52651CDAE6CC005200EB /* main.m in Sources */ = {isa = PBXBuildFile; fileRef = 182D52641CDAE6CC005200EB /* main.m */; };
		182D52681CDAE6CC005200EB /* AppDelegate.m in Sources */ = {isa = PBXBuildFile; fileRef = 182D52671CDAE6CC005200EB /* AppDelegate.m */; };
		182D526B1CDAE6CC005200EB /* ViewController.m in Sources */ = {isa = PBXBuildFile; fileRef = 182D526A1CDAE6CC005200EB /* ViewController.m */; };
		182D526E1CDAE6CC005200EB /* Main.storyboard in Resources */ = {isa = PBXBuildFile; fileRef = 182D526C1CDAE6CC005200EB /* Main.storyboard */; };
		182D52701CDAE6CC005200EB /* Assets.xcassets in Resources */ = {isa = PBXBuildFile; fileRef = 182D526F1CDAE6CC005200EB /* Assets.xcassets */; };
		182D52731CDAE6CC005200EB /* LaunchScreen.storyboard in Resources */ = {isa = PBXBuildFile; fileRef = 182D52711CDAE6CC005200EB /* LaunchScreen.storyboard */; };
		182D527E1CDAE6CC005200EB /* codeTestTests.m in Sources */ = {isa = PBXBuildFile; fileRef = 182D527D1CDAE6CC005200EB /* codeTestTests.m */; };
		182D52891CDAE6CC005200EB /* codeTestUITests.m in Sources */ = {isa = PBXBuildFile; fileRef = 182D52881CDAE6CC005200EB /* codeTestUITests.m */; };
		182D52981CDB1E72005200EB /* ScanViewController.m in Sources */ = {isa = PBXBuildFile; fileRef = 182D52971CDB1E72005200EB /* ScanViewController.m */; };
/* End PBXBuildFile section */

/* Begin PBXContainerItemProxy section */
		182D527A1CDAE6CC005200EB /* PBXContainerItemProxy */ = {
			isa = PBXContainerItemProxy;
			containerPortal = 182D52581CDAE6CC005200EB /* Project object */;
			proxyType = 1;
			remoteGlobalIDString = 182D525F1CDAE6CC005200EB;
			remoteInfo = codeTest;
		};
		182D52851CDAE6CC005200EB /* PBXContainerItemProxy */ = {
			isa = PBXContainerItemProxy;
			containerPortal = 182D52581CDAE6CC005200EB /* Project object */;
			proxyType = 1;
			remoteGlobalIDString = 182D525F1CDAE6CC005200EB;
			remoteInfo = codeTest;
		};
/* End PBXContainerItemProxy section */

/* Begin PBXFileReference section */
		182D52601CDAE6CC005200EB /* codeTest.app */ = {isa = PBXFileReference; explicitFileType = wrapper.application; includeInIndex = 0; path = codeTest.app; sourceTree = BUILT_PRODUCTS_DIR; };
		182D52641CDAE6CC005200EB /* main.m */ = {isa = PBXFileReference; lastKnownFileType = sourcecode.c.objc; path = main.m; sourceTree = "<group>"; };
		182D52661CDAE6CC005200EB /* AppDelegate.h */ = {isa = PBXFileReference; lastKnownFileType = sourcecode.c.h; path = AppDelegate.h; sourceTree = "<group>"; };
		182D52671CDAE6CC005200EB /* AppDelegate.m */ = {isa = PBXFileReference; lastKnownFileType = sourcecode.c.objc; path = AppDelegate.m; sourceTree = "<group>"; };
		182D52691CDAE6CC005200EB /* ViewController.h */ = {isa = PBXFileReference; lastKnownFileType = sourcecode.c.h; path = ViewController.h; sourceTree = "<group>"; };
		182D526A1CDAE6CC005200EB /* ViewController.m */ = {isa = PBXFileReference; lastKnownFileType = sourcecode.c.objc; path = ViewController.m; sourceTree = "<group>"; };
		182D526D1CDAE6CC005200EB /* Base */ = {isa = PBXFileReference; lastKnownFileType = file.storyboard; name = Base; path = Base.lproj/Main.storyboard; sourceTree = "<group>"; };
		182D526F1CDAE6CC005200EB /* Assets.xcassets */ = {isa = PBXFileReference; lastKnownFileType = folder.assetcatalog; path = Assets.xcassets; sourceTree = "<group>"; };
		182D52721CDAE6CC005200EB /* Base */ = {isa = PBXFileReference; lastKnownFileType = file.storyboard; name = Base; path = Base.lproj/LaunchScreen.storyboard; sourceTree = "<group>"; };
		182D52741CDAE6CC005200EB /* Info.plist */ = {isa = PBXFileReference; lastKnownFileType = text.plist.xml; path = Info.plist; sourceTree = "<group>"; };
		182D52791CDAE6CC005200EB /* codeTestTests.xctest */ = {isa = PBXFileReference; explicitFileType = wrapper.cfbundle; includeInIndex = 0; path = codeTestTests.xctest; sourceTree = BUILT_PRODUCTS_DIR; };
		182D527D1CDAE6CC005200EB /* codeTestTests.m */ = {isa = PBXFileReference; lastKnownFileType = sourcecode.c.objc; path = codeTestTests.m; sourceTree = "<group>"; };
		182D527F1CDAE6CC005200EB /* Info.plist */ = {isa = PBXFileReference; lastKnownFileType = text.plist.xml; path = Info.plist; sourceTree = "<group>"; };
		182D52841CDAE6CC005200EB /* codeTestUITests.xctest */ = {isa = PBXFileReference; explicitFileType = wrapper.cfbundle; includeInIndex = 0; path = codeTestUITests.xctest; sourceTree = BUILT_PRODUCTS_DIR; };
		182D52881CDAE6CC005200EB /* codeTestUITests.m */ = {isa = PBXFileReference; lastKnownFileType = sourcecode.c.objc; path = codeTestUITests.m; sourceTree = "<group>"; };
		182D528A1CDAE6CC005200EB /* Info.plist */ = {isa = PBXFileReference; lastKnownFileType = text.plist.xml; path = Info.plist; sourceTree = "<group>"; };
		182D52961CDB1E72005200EB /* ScanViewController.h */ = {isa = PBXFileReference; fileEncoding = 4; lastKnownFileType = sourcecode.c.h; path = ScanViewController.h; sourceTree = "<group>"; };
		182D52971CDB1E72005200EB /* ScanViewController.m */ = {isa = PBXFileReference; fileEncoding = 4; lastKnownFileType = sourcecode.c.objc; path = ScanViewController.m; sourceTree = "<group>"; };
/* End PBXFileReference section */

/* Begin PBXFrameworksBuildPhase section */
		182D525D1CDAE6CC005200EB /* Frameworks */ = {
			isa = PBXFrameworksBuildPhase;
			buildActionMask = 2147483647;
			files = (
			);
			runOnlyForDeploymentPostprocessing = 0;
		};
		182D52761CDAE6CC005200EB /* Frameworks */ = {
			isa = PBXFrameworksBuildPhase;
			buildActionMask = 2147483647;
			files = (
			);
			runOnlyForDeploymentPostprocessing = 0;
		};
		182D52811CDAE6CC005200EB /* Frameworks */ = {
			isa = PBXFrameworksBuildPhase;
			buildActionMask = 2147483647;
			files = (
			);
			runOnlyForDeploymentPostprocessing = 0;
		};
/* End PBXFrameworksBuildPhase section */

/* Begin PBXGroup section */
		182D52571CDAE6CC005200EB = {
			isa = PBXGroup;
			children = (
				182D52621CDAE6CC005200EB /* codeTest */,
				182D527C1CDAE6CC005200EB /* codeTestTests */,
				182D52871CDAE6CC005200EB /* codeTestUITests */,
				182D52611CDAE6CC005200EB /* Products */,
			);
			sourceTree = "<group>";
		};
		182D52611CDAE6CC005200EB /* Products */ = {
			isa = PBXGroup;
			children = (
				182D52601CDAE6CC005200EB /* codeTest.app */,
				182D52791CDAE6CC005200EB /* codeTestTests.xctest */,
				182D52841CDAE6CC005200EB /* codeTestUITests.xctest */,
			);
			name = Products;
			sourceTree = "<group>";
		};
		182D52621CDAE6CC005200EB /* codeTest */ = {
			isa = PBXGroup;
			children = (
				182D52661CDAE6CC005200EB /* AppDelegate.h */,
				182D52671CDAE6CC005200EB /* AppDelegate.m */,
				182D52691CDAE6CC005200EB /* ViewController.h */,
				182D526A1CDAE6CC005200EB /* ViewController.m */,
				182D52961CDB1E72005200EB /* ScanViewController.h */,
				182D52971CDB1E72005200EB /* ScanViewController.m */,
				182D526C1CDAE6CC005200EB /* Main.storyboard */,
				182D526F1CDAE6CC005200EB /* Assets.xcassets */,
				182D52711CDAE6CC005200EB /* LaunchScreen.storyboard */,
				182D52741CDAE6CC005200EB /* Info.plist */,
				182D52631CDAE6CC005200EB /* Supporting Files */,
			);
			path = codeTest;
			sourceTree = "<group>";
		};
		182D52631CDAE6CC005200EB /* Supporting Files */ = {
			isa = PBXGroup;
			children = (
				182D52641CDAE6CC005200EB /* main.m */,
			);
			name = "Supporting Files";
			sourceTree = "<group>";
		};
		182D527C1CDAE6CC005200EB /* codeTestTests */ = {
			isa = PBXGroup;
			children = (
				182D527D1CDAE6CC005200EB /* codeTestTests.m */,
				182D527F1CDAE6CC005200EB /* Info.plist */,
			);
			path = codeTestTests;
			sourceTree = "<group>";
		};
		182D52871CDAE6CC005200EB /* codeTestUITests */ = {
			isa = PBXGroup;
			children = (
				182D52881CDAE6CC005200EB /* codeTestUITests.m */,
				182D528A1CDAE6CC005200EB /* Info.plist */,
			);
			path = codeTestUITests;
			sourceTree = "<group>";
		};
/* End PBXGroup section */

/* Begin PBXNativeTarget section */
		182D525F1CDAE6CC005200EB /* codeTest */ = {
			isa = PBXNativeTarget;
			buildConfigurationList = 182D528D1CDAE6CC005200EB /* Build configuration list for PBXNativeTarget "codeTest" */;
			buildPhases = (
				182D525C1CDAE6CC005200EB /* Sources */,
				182D525D1CDAE6CC005200EB /* Frameworks */,
				182D525E1CDAE6CC005200EB /* Resources */,
			);
			buildRules = (
			);
			dependencies = (
			);
			name = codeTest;
			productName = codeTest;
			productReference = 182D52601CDAE6CC005200EB /* codeTest.app */;
			productType = "com.apple.product-type.application";
		};
		182D52781CDAE6CC005200EB /* codeTestTests */ = {
			isa = PBXNativeTarget;
			buildConfigurationList = 182D52901CDAE6CC005200EB /* Build configuration list for PBXNativeTarget "codeTestTests" */;
			buildPhases = (
				182D52751CDAE6CC005200EB /* Sources */,
				182D52761CDAE6CC005200EB /* Frameworks */,
				182D52771CDAE6CC005200EB /* Resources */,
			);
			buildRules = (
			);
			dependencies = (
				182D527B1CDAE6CC005200EB /* PBXTargetDependency */,
			);
			name = codeTestTests;
			productName = codeTestTests;
			productReference = 182D52791CDAE6CC005200EB /* codeTestTests.xctest */;
			productType = "com.apple.product-type.bundle.unit-test";
		};
		182D52831CDAE6CC005200EB /* codeTestUITests */ = {
			isa = PBXNativeTarget;
			buildConfigurationList = 182D52931CDAE6CC005200EB /* Build configuration list for PBXNativeTarget "codeTestUITests" */;
			buildPhases = (
				182D52801CDAE6CC005200EB /* Sources */,
				182D52811CDAE6CC005200EB /* Frameworks */,
				182D52821CDAE6CC005200EB /* Resources */,
			);
			buildRules = (
			);
			dependencies = (
				182D52861CDAE6CC005200EB /* PBXTargetDependency */,
			);
			name = codeTestUITests;
			productName = codeTestUITests;
			productReference = 182D52841CDAE6CC005200EB /* codeTestUITests.xctest */;
			productType = "com.apple.product-type.bundle.ui-testing";
		};
/* End PBXNativeTarget section */

/* Begin PBXProject section */
		182D52581CDAE6CC005200EB /* Project object */ = {
			isa = PBXProject;
			attributes = {
				LastUpgradeCheck = 0720;
				ORGANIZATIONNAME = "何万牡";
				TargetAttributes = {
					182D525F1CDAE6CC005200EB = {
						CreatedOnToolsVersion = 7.2;
					};
					182D52781CDAE6CC005200EB = {
						CreatedOnToolsVersion = 7.2;
						TestTargetID = 182D525F1CDAE6CC005200EB;
					};
					182D52831CDAE6CC005200EB = {
						CreatedOnToolsVersion = 7.2;
						TestTargetID = 182D525F1CDAE6CC005200EB;
					};
				};
			};
			buildConfigurationList = 182D525B1CDAE6CC005200EB /* Build configuration list for PBXProject "codeTest" */;
			compatibilityVersion = "Xcode 3.2";
			developmentRegion = English;
			hasScannedForEncodings = 0;
			knownRegions = (
				en,
				Base,
			);
			mainGroup = 182D52571CDAE6CC005200EB;
			productRefGroup = 182D52611CDAE6CC005200EB /* Products */;
			projectDirPath = "";
			projectRoot = "";
			targets = (
				182D525F1CDAE6CC005200EB /* codeTest */,
				182D52781CDAE6CC005200EB /* codeTestTests */,
				182D52831CDAE6CC005200EB /* codeTestUITests */,
			);
		};
/* End PBXProject section */

/* Begin PBXResourcesBuildPhase section */
		182D525E1CDAE6CC005200EB /* Resources */ = {
			isa = PBXResourcesBuildPhase;
			buildActionMask = 2147483647;
			files = (
				182D52731CDAE6CC005200EB /* LaunchScreen.storyboard in Resources */,
				182D52701CDAE6CC005200EB /* Assets.xcassets in Resources */,
				182D526E1CDAE6CC005200EB /* Main.storyboard in Resources */,
			);
			runOnlyForDeploymentPostprocessing = 0;
		};
		182D52771CDAE6CC005200EB /* Resources */ = {
			isa = PBXResourcesBuildPhase;
			buildActionMask = 2147483647;
			files = (
			);
			runOnlyForDeploymentPostprocessing = 0;
		};
		182D52821CDAE6CC005200EB /* Resources */ = {
			isa = PBXResourcesBuildPhase;
			buildActionMask = 2147483647;
			files = (
			);
			runOnlyForDeploymentPostprocessing = 0;
		};
/* End PBXResourcesBuildPhase section */

/* Begin PBXSourcesBuildPhase section */
		182D525C1CDAE6CC005200EB /* Sources */ = {
			isa = PBXSourcesBuildPhase;
			buildActionMask = 2147483647;
			files = (
				182D526B1CDAE6CC005200EB /* ViewController.m in Sources */,
				182D52681CDAE6CC005200EB /* AppDelegate.m in Sources */,
				182D52651CDAE6CC005200EB /* main.m in Sources */,
				182D52981CDB1E72005200EB /* ScanViewController.m in Sources */,
			);
			runOnlyForDeploymentPostprocessing = 0;
		};
		182D52751CDAE6CC005200EB /* Sources */ = {
			isa = PBXSourcesBuildPhase;
			buildActionMask = 2147483647;
			files = (
				182D527E1CDAE6CC005200EB /* codeTestTests.m in Sources */,
			);
			runOnlyForDeploymentPostprocessing = 0;
		};
		182D52801CDAE6CC005200EB /* Sources */ = {
			isa = PBXSourcesBuildPhase;
			buildActionMask = 2147483647;
			files = (
				182D52891CDAE6CC005200EB /* codeTestUITests.m in Sources */,
			);
			runOnlyForDeploymentPostprocessing = 0;
		};
/* End PBXSourcesBuildPhase section */

/* Begin PBXTargetDependency section */
		182D527B1CDAE6CC005200EB /* PBXTargetDependency */ = {
			isa = PBXTargetDependency;
			target = 182D525F1CDAE6CC005200EB /* codeTest */;
			targetProxy = 182D527A1CDAE6CC005200EB /* PBXContainerItemProxy */;
		};
		182D52861CDAE6CC005200EB /* PBXTargetDependency */ = {
			isa = PBXTargetDependency;
			target = 182D525F1CDAE6CC005200EB /* codeTest */;
			targetProxy = 182D52851CDAE6CC005200EB /* PBXContainerItemProxy */;
		};
/* End PBXTargetDependency section */

/* Begin PBXVariantGroup section */
		182D526C1CDAE6CC005200EB /* Main.storyboard */ = {
			isa = PBXVariantGroup;
			children = (
				182D526D1CDAE6CC005200EB /* Base */,
			);
			name = Main.storyboard;
			sourceTree = "<group>";
		};
		182D52711CDAE6CC005200EB /* LaunchScreen.storyboard */ = {
			isa = PBXVariantGroup;
			children = (
				182D52721CDAE6CC005200EB /* Base */,
			);
			name = LaunchScreen.storyboard;
			sourceTree = "<group>";
		};
/* End PBXVariantGroup section */

/* Begin XCBuildConfiguration section */
		182D528B1CDAE6CC005200EB /* Debug */ = {
			isa = XCBuildConfiguration;
			buildSettings = {
				ALWAYS_SEARCH_USER_PATHS = NO;
				CLANG_CXX_LANGUAGE_STANDARD = "gnu++0x";
				CLANG_CXX_LIBRARY = "libc++";
				CLANG_ENABLE_MODULES = YES;
				CLANG_ENABLE_OBJC_ARC = YES;
				CLANG_WARN_BOOL_CONVERSION = YES;
				CLANG_WARN_CONSTANT_CONVERSION = YES;
				CLANG_WARN_DIRECT_OBJC_ISA_USAGE = YES_ERROR;
				CLANG_WARN_EMPTY_BODY = YES;
				CLANG_WARN_ENUM_CONVERSION = YES;
				CLANG_WARN_INT_CONVERSION = YES;
				CLANG_WARN_OBJC_ROOT_CLASS = YES_ERROR;
				CLANG_WARN_UNREACHABLE_CODE = YES;
				CLANG_WARN__DUPLICATE_METHOD_MATCH = YES;
				"CODE_SIGN_IDENTITY[sdk=iphoneos*]" = "iPhone Developer";
				COPY_PHASE_STRIP = NO;
				DEBUG_INFORMATION_FORMAT = dwarf;
				ENABLE_STRICT_OBJC_MSGSEND = YES;
				ENABLE_TESTABILITY = YES;
				GCC_C_LANGUAGE_STANDARD = gnu99;
				GCC_DYNAMIC_NO_PIC = NO;
				GCC_NO_COMMON_BLOCKS = YES;
				GCC_OPTIMIZATION_LEVEL = 0;
				GCC_PREPROCESSOR_DEFINITIONS = (
					"DEBUG=1",
					"$(inherited)",
				);
				GCC_WARN_64_TO_32_BIT_CONVERSION = YES;
				GCC_WARN_ABOUT_RETURN_TYPE = YES_ERROR;
				GCC_WARN_UNDECLARED_SELECTOR = YES;
				GCC_WARN_UNINITIALIZED_AUTOS = YES_AGGRESSIVE;
				GCC_WARN_UNUSED_FUNCTION = YES;
				GCC_WARN_UNUSED_VARIABLE = YES;
				IPHONEOS_DEPLOYMENT_TARGET = 9.2;
				MTL_ENABLE_DEBUG_INFO = YES;
				ONLY_ACTIVE_ARCH = YES;
				SDKROOT = iphoneos;
			};
			name = Debug;
		};
		182D528C1CDAE6CC005200EB /* Release */ = {
			isa = XCBuildConfiguration;
			buildSettings = {
				ALWAYS_SEARCH_USER_PATHS = NO;
				CLANG_CXX_LANGUAGE_STANDARD = "gnu++0x";
				CLANG_CXX_LIBRARY = "libc++";
				CLANG_ENABLE_MODULES = YES;
				CLANG_ENABLE_OBJC_ARC = YES;
				CLANG_WARN_BOOL_CONVERSION = YES;
				CLANG_WARN_CONSTANT_CONVERSION = YES;
				CLANG_WARN_DIRECT_OBJC_ISA_USAGE = YES_ERROR;
				CLANG_WARN_EMPTY_BODY = YES;
				CLANG_WARN_ENUM_CONVERSION = YES;
				CLANG_WARN_INT_CONVERSION = YES;
				CLANG_WARN_OBJC_ROOT_CLASS = YES_ERROR;
				CLANG_WARN_UNREACHABLE_CODE = YES;
				CLANG_WARN__DUPLICATE_METHOD_MATCH = YES;
				"CODE_SIGN_IDENTITY[sdk=iphoneos*]" = "iPhone Developer";
				COPY_PHASE_STRIP = NO;
				DEBUG_INFORMATION_FORMAT = "dwarf-with-dsym";
				ENABLE_NS_ASSERTIONS = NO;
				ENABLE_STRICT_OBJC_MSGSEND = YES;
				GCC_C_LANGUAGE_STANDARD = gnu99;
				GCC_NO_COMMON_BLOCKS = YES;
				GCC_WARN_64_TO_32_BIT_CONVERSION = YES;
				GCC_WARN_ABOUT_RETURN_TYPE = YES_ERROR;
				GCC_WARN_UNDECLARED_SELECTOR = YES;
				GCC_WARN_UNINITIALIZED_AUTOS = YES_AGGRESSIVE;
				GCC_WARN_UNUSED_FUNCTION = YES;
				GCC_WARN_UNUSED_VARIABLE = YES;
				IPHONEOS_DEPLOYMENT_TARGET = 9.2;
				MTL_ENABLE_DEBUG_INFO = NO;
				SDKROOT = iphoneos;
				VALIDATE_PRODUCT = YES;
			};
			name = Release;
		};
		182D528E1CDAE6CC005200EB /* Debug */ = {
			isa = XCBuildConfiguration;
			buildSettings = {
				ASSETCATALOG_COMPILER_APPICON_NAME = AppIcon;
				INFOPLIST_FILE = codeTest/Info.plist;
				IPHONEOS_DEPLOYMENT_TARGET = 8.0;
				LD_RUNPATH_SEARCH_PATHS = "$(inherited) @executable_path/Frameworks";
				PRODUCT_BUNDLE_IDENTIFIER = yiyuangou.codeTest;
				PRODUCT_NAME = "$(TARGET_NAME)";
			};
			name = Debug;
		};
		182D528F1CDAE6CC005200EB /* Release */ = {
			isa = XCBuildConfiguration;
			buildSettings = {
				ASSETCATALOG_COMPILER_APPICON_NAME = AppIcon;
				INFOPLIST_FILE = codeTest/Info.plist;
				IPHONEOS_DEPLOYMENT_TARGET = 8.0;
				LD_RUNPATH_SEARCH_PATHS = "$(inherited) @executable_path/Frameworks";
				PRODUCT_BUNDLE_IDENTIFIER = yiyuangou.codeTest;
				PRODUCT_NAME = "$(TARGET_NAME)";
			};
			name = Release;
		};
		182D52911CDAE6CC005200EB /* Debug */ = {
			isa = XCBuildConfiguration;
			buildSettings = {
				BUNDLE_LOADER = "$(TEST_HOST)";
				INFOPLIST_FILE = codeTestTests/Info.plist;
				LD_RUNPATH_SEARCH_PATHS = "$(inherited) @executable_path/Frameworks @loader_path/Frameworks";
				PRODUCT_BUNDLE_IDENTIFIER = yiyuangou.codeTestTests;
				PRODUCT_NAME = "$(TARGET_NAME)";
				TEST_HOST = "$(BUILT_PRODUCTS_DIR)/codeTest.app/codeTest";
			};
			name = Debug;
		};
		182D52921CDAE6CC005200EB /* Release */ = {
			isa = XCBuildConfiguration;
			buildSettings = {
				BUNDLE_LOADER = "$(TEST_HOST)";
				INFOPLIST_FILE = codeTestTests/Info.plist;
				LD_RUNPATH_SEARCH_PATHS = "$(inherited) @executable_path/Frameworks @loader_path/Frameworks";
				PRODUCT_BUNDLE_IDENTIFIER = yiyuangou.codeTestTests;
				PRODUCT_NAME = "$(TARGET_NAME)";
				TEST_HOST = "$(BUILT_PRODUCTS_DIR)/codeTest.app/codeTest";
			};
			name = Release;
		};
		182D52941CDAE6CC005200EB /* Debug */ = {
			isa = XCBuildConfiguration;
			buildSettings = {
				INFOPLIST_FILE = codeTestUITests/Info.plist;
				LD_RUNPATH_SEARCH_PATHS = "$(inherited) @executable_path/Frameworks @loader_path/Frameworks";
				PRODUCT_BUNDLE_IDENTIFIER = yiyuangou.codeTestUITests;
				PRODUCT_NAME = "$(TARGET_NAME)";
				TEST_TARGET_NAME = codeTest;
				USES_XCTRUNNER = YES;
			};
			name = Debug;
		};
		182D52951CDAE6CC005200EB /* Release */ = {
			isa = XCBuildConfiguration;
			buildSettings = {
				INFOPLIST_FILE = codeTestUITests/Info.plist;
				LD_RUNPATH_SEARCH_PATHS = "$(inherited) @executable_path/Frameworks @loader_path/Frameworks";
				PRODUCT_BUNDLE_IDENTIFIER = yiyuangou.codeTestUITests;
				PRODUCT_NAME = "$(TARGET_NAME)";
				TEST_TARGET_NAME = codeTest;
				USES_XCTRUNNER = YES;
			};
			name = Release;
		};
/* End XCBuildConfiguration section */

/* Begin XCConfigurationList section */
		182D525B1CDAE6CC005200EB /* Build configuration list for PBXProject "codeTest" */ = {
			isa = XCConfigurationList;
			buildConfigurations = (
				182D528B1CDAE6CC005200EB /* Debug */,
				182D528C1CDAE6CC005200EB /* Release */,
			);
			defaultConfigurationIsVisible = 0;
			defaultConfigurationName = Release;
		};
		182D528D1CDAE6CC005200EB /* Build configuration list for PBXNativeTarget "codeTest" */ = {
			isa = XCConfigurationList;
			buildConfigurations = (
				182D528E1CDAE6CC005200EB /* Debug */,
				182D528F1CDAE6CC005200EB /* Release */,
			);
			defaultConfigurationIsVisible = 0;
		};
		182D52901CDAE6CC005200EB /* Build configuration list for PBXNativeTarget "codeTestTests" */ = {
			isa = XCConfigurationList;
			buildConfigurations = (
				182D52911CDAE6CC005200EB /* Debug */,
				182D52921CDAE6CC005200EB /* Release */,
			);
			defaultConfigurationIsVisible = 0;
		};
		182D52931CDAE6CC005200EB /* Build configuration list for PBXNativeTarget "codeTestUITests" */ = {
			isa = XCConfigurationList;
			buildConfigurations = (
				182D52941CDAE6CC005200EB /* Debug */,
				182D52951CDAE6CC005200EB /* Release */,
			);
			defaultConfigurationIsVisible = 0;
		};
/* End XCConfigurationList section */
	};
	rootObject = 182D52581CDAE6CC005200EB /* Project object */;
}
